
Microsoft Visual Studio Solution File, Format Version 12.00
# Visual Studio Version 17
VisualStudioVersion = 17.11.35312.102
MinimumVisualStudioVersion = 10.0.40219.1
Project("{FAE04EC0-301F-11D3-BF4B-00C04F79EFBC}") = "SmartHome.Application", "SmartHome.Application\SmartHome.Application.csproj", "{4B2D307D-F20E-4788-BF77-76B346B1D31F}"
EndProject
Project("{FAE04EC0-301F-11D3-BF4B-00C04F79EFBC}") = "SmartHome.Data", "SmartHome.Data\SmartHome.Data.csproj", "{DF843E25-B4C1-4B62-B90D-BBB95DB5A939}"
EndProject
Global
	GlobalSection(SolutionConfigurationPlatforms) = preSolution
		Debug|Any CPU = Debug|Any CPU
		Release|Any CPU = Release|Any CPU
	EndGlobalSection
	GlobalSection(ProjectConfigurationPlatforms) = postSolution
		{4B2D307D-F20E-4788-BF77-76B346B1D31F}.Debug|Any CPU.ActiveCfg = Debug|Any CPU
		{4B2D307D-F20E-4788-BF77-76B346B1D31F}.Debug|Any CPU.Build.0 = Debug|Any CPU
		{4B2D307D-F20E-4788-BF77-76B346B1D31F}.Release|Any CPU.ActiveCfg = Release|Any CPU
		{4B2D307D-F20E-4788-BF77-76B346B1D31F}.Release|Any CPU.Build.0 = Release|Any CPU
		{DF843E25-B4C1-4B62-B90D-BBB95DB5A939}.Debug|Any CPU.ActiveCfg = Debug|Any CPU
		{DF843E25-B4C1-4B62-B90D-BBB95DB5A939}.Debug|Any CPU.Build.0 = Debug|Any CPU
		{DF843E25-B4C1-4B62-B90D-BBB95DB5A939}.Release|Any CPU.ActiveCfg = Release|Any CPU
		{DF843E25-B4C1-4B62-B90D-BBB95DB5A939}.Release|Any CPU.Build.0 = Release|Any CPU
	EndGlobalSection
	GlobalSection(SolutionProperties) = preSolution
		HideSolutionNode = FALSE
	EndGlobalSection
	GlobalSection(ExtensibilityGlobals) = postSolution
		SolutionGuid = {03A33FC6-134C-4F64-84BA-697728F3DF3B}
	EndGlobalSection
EndGlobal
